dependencies:
- name: postgresql
  repository: oci://registry-1.docker.io/bitnamicharts
  version: 13.4.4
- name: redis
  repository: oci://registry-1.docker.io/bitnamicharts
  version: 18.12.0
- name: spar-g2pconnect-id-mapper
  repository: ""
  version: 0.1.0
- name: sunbird-rc-g2p-mapper-registry
  repository: ""
  version: 0.1.0
digest: sha256:1e9deadb92614547a6635a0a81e152362d46ceb9d9dd8f7e6cac6eb208c7dd7c
generated: "2024-02-02T02:08:46.452615943+05:30"
