dependencies:
- name: postgresql
  repository: oci://registry-1.docker.io/bitnamicharts
  version: 13.1.5
- name: elasticsearch
  repository: oci://registry-1.docker.io/bitnamicharts
  version: 19.13.5
digest: sha256:490c3d3a57a174f5c62c135fb982f2b074d88cdb4ab0cf8cbe8849ee8728a192
generated: "2023-10-31T05:27:15.878203751+05:30"
